
Microsoft Visual Studio Solution File, Format Version 12.00
# Visual Studio Version 17
VisualStudioVersion = 17.5.33516.290
MinimumVisualStudioVersion = 10.0.40219.1
Project("{9A19103F-16F7-4668-BE54-9A1E7A4F7556}") = "ConsoleApp21", "ConsoleApp21\ConsoleApp21.csproj", "{4CB39A36-B305-4D45-BE53-AE12368FAB0C}"
EndProject
Project("{FAE04EC0-301F-11D3-BF4B-00C04F79EFBC}") = "Test_lab5", "Test_lab5\Test_lab5.csproj", "{3D46C5F4-1724-4B8A-8328-014E43E0DD5D}"
EndProject
Global
	GlobalSection(SolutionConfigurationPlatforms) = preSolution
		Debug|Any CPU = Debug|Any CPU
		Release|Any CPU = Release|Any CPU
	EndGlobalSection
	GlobalSection(ProjectConfigurationPlatforms) = postSolution
		{4CB39A36-B305-4D45-BE53-AE12368FAB0C}.Debug|Any CPU.ActiveCfg = Debug|Any CPU
		{4CB39A36-B305-4D45-BE53-AE12368FAB0C}.Debug|Any CPU.Build.0 = Debug|Any CPU
		{4CB39A36-B305-4D45-BE53-AE12368FAB0C}.Release|Any CPU.ActiveCfg = Release|Any CPU
		{4CB39A36-B305-4D45-BE53-AE12368FAB0C}.Release|Any CPU.Build.0 = Release|Any CPU
		{3D46C5F4-1724-4B8A-8328-014E43E0DD5D}.Debug|Any CPU.ActiveCfg = Debug|Any CPU
		{3D46C5F4-1724-4B8A-8328-014E43E0DD5D}.Debug|Any CPU.Build.0 = Debug|Any CPU
		{3D46C5F4-1724-4B8A-8328-014E43E0DD5D}.Release|Any CPU.ActiveCfg = Release|Any CPU
		{3D46C5F4-1724-4B8A-8328-014E43E0DD5D}.Release|Any CPU.Build.0 = Release|Any CPU
	EndGlobalSection
	GlobalSection(SolutionProperties) = preSolution
		HideSolutionNode = FALSE
	EndGlobalSection
	GlobalSection(ExtensibilityGlobals) = postSolution
		SolutionGuid = {CC063802-04BD-4B66-A996-71D705410768}
	EndGlobalSection
EndGlobal
